// !$*UTF8*$!
{
	archiveVersion = 1;
	classes = {
	};
	objectVersion = 77;
	objects = {

/* Begin PBXBuildFile section */
		C5B640F62CADD7D70047A336 /* Preview Assets.xcassets in Resources */ = {isa = PBXBuildFile; fileRef = C5B640F02CADD7D70047A336 /* Preview Assets.xcassets */; };
		C5B640F72CADD7D70047A336 /* Assets.xcassets in Resources */ = {isa = PBXBuildFile; fileRef = C5B640F22CADD7D70047A336 /* Assets.xcassets */; };
		C5B640F82CADD7D70047A336 /* ContentView.swift in Sources */ = {isa = PBXBuildFile; fileRef = C5B640F32CADD7D70047A336 /* ContentView.swift */; };
		C5B640F92CADD7D70047A336 /* SubscriptionDokerApp.swift in Sources */ = {isa = PBXBuildFile; fileRef = C5B640F42CADD7D70047A336 /* SubscriptionDokerApp.swift */; };
		C5B640FD2CADDBD70047A336 /* StoreKit.framework in Frameworks */ = {isa = PBXBuildFile; fileRef = C5B640FC2CADDBD70047A336 /* StoreKit.framework */; };
		C5B641042CADDEE70047A336 /* Products.plist in Resources */ = {isa = PBXBuildFile; fileRef = C5B641022CADDEE70047A336 /* Products.plist */; };
		C5B641062CADDEE70047A336 /* SubscriptionView.swift in Sources */ = {isa = PBXBuildFile; fileRef = C5B640FE2CADDEE70047A336 /* SubscriptionView.swift */; };
		C5B641072CADDEE70047A336 /* PurchaseManager.swift in Sources */ = {isa = PBXBuildFile; fileRef = C5B640FF2CADDEE70047A336 /* PurchaseManager.swift */; };
		C5B641082CADDEE70047A336 /* Config.swift in Sources */ = {isa = PBXBuildFile; fileRef = C5B641002CADDEE70047A336 /* Config.swift */; };
/* End PBXBuildFile section */

/* Begin PBXFileReference section */
		C5B640DF2CADD7D10047A336 /* SubscriptionDoker.app */ = {isa = PBXFileReference; explicitFileType = wrapper.application; includeInIndex = 0; path = SubscriptionDoker.app; sourceTree = BUILT_PRODUCTS_DIR; };
		C5B640F02CADD7D70047A336 /* Preview Assets.xcassets */ = {isa = PBXFileReference; lastKnownFileType = folder.assetcatalog; path = "Preview Assets.xcassets"; sourceTree = "<group>"; };
		C5B640F22CADD7D70047A336 /* Assets.xcassets */ = {isa = PBXFileReference; lastKnownFileType = folder.assetcatalog; path = Assets.xcassets; sourceTree = "<group>"; };
		C5B640F32CADD7D70047A336 /* ContentView.swift */ = {isa = PBXFileReference; lastKnownFileType = sourcecode.swift; path = ContentView.swift; sourceTree = "<group>"; };
		C5B640F42CADD7D70047A336 /* SubscriptionDokerApp.swift */ = {isa = PBXFileReference; lastKnownFileType = sourcecode.swift; path = SubscriptionDokerApp.swift; sourceTree = "<group>"; };
		C5B640FA2CADD7FE0047A336 /* Info.plist */ = {isa = PBXFileReference; lastKnownFileType = text.plist.xml; path = Info.plist; sourceTree = "<group>"; };
		C5B640FC2CADDBD70047A336 /* StoreKit.framework */ = {isa = PBXFileReference; lastKnownFileType = wrapper.framework; name = StoreKit.framework; path = System/Library/Frameworks/StoreKit.framework; sourceTree = SDKROOT; };
		C5B640FE2CADDEE70047A336 /* SubscriptionView.swift */ = {isa = PBXFileReference; lastKnownFileType = sourcecode.swift; path = SubscriptionView.swift; sourceTree = "<group>"; };
		C5B640FF2CADDEE70047A336 /* PurchaseManager.swift */ = {isa = PBXFileReference; lastKnownFileType = sourcecode.swift; path = PurchaseManager.swift; sourceTree = "<group>"; };
		C5B641002CADDEE70047A336 /* Config.swift */ = {isa = PBXFileReference; lastKnownFileType = sourcecode.swift; path = Config.swift; sourceTree = "<group>"; };
		C5B641022CADDEE70047A336 /* Products.plist */ = {isa = PBXFileReference; lastKnownFileType = text.plist.xml; path = Products.plist; sourceTree = "<group>"; };
/* End PBXFileReference section */

/* Begin PBXFrameworksBuildPhase section */
		C5B640DC2CADD7D10047A336 /* Frameworks */ = {
			isa = PBXFrameworksBuildPhase;
			buildActionMask = 2147483647;
			files = (
				C5B640FD2CADDBD70047A336 /* StoreKit.framework in Frameworks */,
			);
			runOnlyForDeploymentPostprocessing = 0;
		};
/* End PBXFrameworksBuildPhase section */

/* Begin PBXGroup section */
		C5B640D62CADD7D10047A336 = {
			isa = PBXGroup;
			children = (
				C5B640F52CADD7D70047A336 /* SubscriptionDoker */,
				C5B640FB2CADDBD70047A336 /* Frameworks */,
				C5B640E02CADD7D10047A336 /* Products */,
			);
			sourceTree = "<group>";
		};
		C5B640E02CADD7D10047A336 /* Products */ = {
			isa = PBXGroup;
			children = (
				C5B640DF2CADD7D10047A336 /* SubscriptionDoker.app */,
			);
			name = Products;
			sourceTree = "<group>";
		};
		C5B640F12CADD7D70047A336 /* Preview Content */ = {
			isa = PBXGroup;
			children = (
				C5B640F02CADD7D70047A336 /* Preview Assets.xcassets */,
			);
			path = "Preview Content";
			sourceTree = "<group>";
		};
		C5B640F52CADD7D70047A336 /* SubscriptionDoker */ = {
			isa = PBXGroup;
			children = (
				C5B640F42CADD7D70047A336 /* SubscriptionDokerApp.swift */,
				C5B640F32CADD7D70047A336 /* ContentView.swift */,
				C5B641032CADDEE70047A336 /* Subscription */,
				C5B640FA2CADD7FE0047A336 /* Info.plist */,
				C5B640F22CADD7D70047A336 /* Assets.xcassets */,
				C5B640F12CADD7D70047A336 /* Preview Content */,
			);
			path = SubscriptionDoker;
			sourceTree = "<group>";
		};
		C5B640FB2CADDBD70047A336 /* Frameworks */ = {
			isa = PBXGroup;
			children = (
				C5B640FC2CADDBD70047A336 /* StoreKit.framework */,
			);
			name = Frameworks;
			sourceTree = "<group>";
		};
		C5B641032CADDEE70047A336 /* Subscription */ = {
			isa = PBXGroup;
			children = (
				C5B640FE2CADDEE70047A336 /* SubscriptionView.swift */,
				C5B640FF2CADDEE70047A336 /* PurchaseManager.swift */,
				C5B641002CADDEE70047A336 /* Config.swift */,
				C5B641022CADDEE70047A336 /* Products.plist */,
			);
			path = Subscription;
			sourceTree = "<group>";
		};
/* End PBXGroup section */

/* Begin PBXNativeTarget section */
		C5B640DE2CADD7D10047A336 /* SubscriptionDoker */ = {
			isa = PBXNativeTarget;
			buildConfigurationList = C5B640ED2CADD7D20047A336 /* Build configuration list for PBXNativeTarget "SubscriptionDoker" */;
			buildPhases = (
				C5B640DB2CADD7D10047A336 /* Sources */,
				C5B640DC2CADD7D10047A336 /* Frameworks */,
				C5B640DD2CADD7D10047A336 /* Resources */,
			);
			buildRules = (
			);
			dependencies = (
			);
			name = SubscriptionDoker;
			packageProductDependencies = (
			);
			productName = SubscriptionDoker;
			productReference = C5B640DF2CADD7D10047A336 /* SubscriptionDoker.app */;
			productType = "com.apple.product-type.application";
		};
/* End PBXNativeTarget section */

/* Begin PBXProject section */
		C5B640D72CADD7D10047A336 /* Project object */ = {
			isa = PBXProject;
			attributes = {
				BuildIndependentTargetsInParallel = 1;
				LastSwiftUpdateCheck = 1600;
				LastUpgradeCheck = 1600;
				TargetAttributes = {
					C5B640DE2CADD7D10047A336 = {
						CreatedOnToolsVersion = 16.0;
					};
				};
			};
			buildConfigurationList = C5B640DA2CADD7D10047A336 /* Build configuration list for PBXProject "SubscriptionDoker" */;
			developmentRegion = en;
			hasScannedForEncodings = 0;
			knownRegions = (
				en,
				Base,
			);
			mainGroup = C5B640D62CADD7D10047A336;
			minimizedProjectReferenceProxies = 1;
			preferredProjectObjectVersion = 77;
			productRefGroup = C5B640E02CADD7D10047A336 /* Products */;
			projectDirPath = "";
			projectRoot = "";
			targets = (
				C5B640DE2CADD7D10047A336 /* SubscriptionDoker */,
			);
		};
/* End PBXProject section */

/* Begin PBXResourcesBuildPhase section */
		C5B640DD2CADD7D10047A336 /* Resources */ = {
			isa = PBXResourcesBuildPhase;
			buildActionMask = 2147483647;
			files = (
				C5B640F62CADD7D70047A336 /* Preview Assets.xcassets in Resources */,
				C5B640F72CADD7D70047A336 /* Assets.xcassets in Resources */,
				C5B641042CADDEE70047A336 /* Products.plist in Resources */,
			);
			runOnlyForDeploymentPostprocessing = 0;
		};
/* End PBXResourcesBuildPhase section */

/* Begin PBXSourcesBuildPhase section */
		C5B640DB2CADD7D10047A336 /* Sources */ = {
			isa = PBXSourcesBuildPhase;
			buildActionMask = 2147483647;
			files = (
				C5B640F82CADD7D70047A336 /* ContentView.swift in Sources */,
				C5B641062CADDEE70047A336 /* SubscriptionView.swift in Sources */,
				C5B641072CADDEE70047A336 /* PurchaseManager.swift in Sources */,
				C5B641082CADDEE70047A336 /* Config.swift in Sources */,
				C5B640F92CADD7D70047A336 /* SubscriptionDokerApp.swift in Sources */,
			);
			runOnlyForDeploymentPostprocessing = 0;
		};
/* End PBXSourcesBuildPhase section */

/* Begin XCBuildConfiguration section */
		C5B640EB2CADD7D20047A336 /* Debug */ = {
			isa = XCBuildConfiguration;
			buildSettings = {
				ALWAYS_SEARCH_USER_PATHS = NO;
				ASSETCATALOG_COMPILER_GENERATE_SWIFT_ASSET_SYMBOL_EXTENSIONS = YES;
				CLANG_ANALYZER_NONNULL = YES;
				CLANG_ANALYZER_NUMBER_OBJECT_CONVERSION = YES_AGGRESSIVE;
				CLANG_CXX_LANGUAGE_STANDARD = "gnu++20";
				CLANG_ENABLE_MODULES = YES;
				CLANG_ENABLE_OBJC_ARC = YES;
				CLANG_ENABLE_OBJC_WEAK = YES;
				CLANG_WARN_BLOCK_CAPTURE_AUTORELEASING = YES;
				CLANG_WARN_BOOL_CONVERSION = YES;
				CLANG_WARN_COMMA = YES;
				CLANG_WARN_CONSTANT_CONVERSION = YES;
				CLANG_WARN_DEPRECATED_OBJC_IMPLEMENTATIONS = YES;
				CLANG_WARN_DIRECT_OBJC_ISA_USAGE = YES_ERROR;
				CLANG_WARN_DOCUMENTATION_COMMENTS = YES;
				CLANG_WARN_EMPTY_BODY = YES;
				CLANG_WARN_ENUM_CONVERSION = YES;
				CLANG_WARN_INFINITE_RECURSION = YES;
				CLANG_WARN_INT_CONVERSION = YES;
				CLANG_WARN_NON_LITERAL_NULL_CONVERSION = YES;
				CLANG_WARN_OBJC_IMPLICIT_RETAIN_SELF = YES;
				CLANG_WARN_OBJC_LITERAL_CONVERSION = YES;
				CLANG_WARN_OBJC_ROOT_CLASS = YES_ERROR;
				CLANG_WARN_QUOTED_INCLUDE_IN_FRAMEWORK_HEADER = YES;
				CLANG_WARN_RANGE_LOOP_ANALYSIS = YES;
				CLANG_WARN_STRICT_PROTOTYPES = YES;
				CLANG_WARN_SUSPICIOUS_MOVE = YES;
				CLANG_WARN_UNGUARDED_AVAILABILITY = YES_AGGRESSIVE;
				CLANG_WARN_UNREACHABLE_CODE = YES;
				CLANG_WARN__DUPLICATE_METHOD_MATCH = YES;
				COPY_PHASE_STRIP = NO;
				DEBUG_INFORMATION_FORMAT = dwarf;
				ENABLE_STRICT_OBJC_MSGSEND = YES;
				ENABLE_TESTABILITY = YES;
				ENABLE_USER_SCRIPT_SANDBOXING = YES;
				GCC_C_LANGUAGE_STANDARD = gnu17;
				GCC_DYNAMIC_NO_PIC = NO;
				GCC_NO_COMMON_BLOCKS = YES;
				GCC_OPTIMIZATION_LEVEL = 0;
				GCC_PREPROCESSOR_DEFINITIONS = (
					"DEBUG=1",
					"$(inherited)",
				);
				GCC_WARN_64_TO_32_BIT_CONVERSION = YES;
				GCC_WARN_ABOUT_RETURN_TYPE = YES_ERROR;
				GCC_WARN_UNDECLARED_SELECTOR = YES;
				GCC_WARN_UNINITIALIZED_AUTOS = YES_AGGRESSIVE;
				GCC_WARN_UNUSED_FUNCTION = YES;
				GCC_WARN_UNUSED_VARIABLE = YES;
				IPHONEOS_DEPLOYMENT_TARGET = 18.0;
				LOCALIZATION_PREFERS_STRING_CATALOGS = YES;
				MTL_ENABLE_DEBUG_INFO = INCLUDE_SOURCE;
				MTL_FAST_MATH = YES;
				ONLY_ACTIVE_ARCH = YES;
				SDKROOT = iphoneos;
				SWIFT_ACTIVE_COMPILATION_CONDITIONS = "DEBUG $(inherited)";
				SWIFT_OPTIMIZATION_LEVEL = "-Onone";
			};
			name = Debug;
		};
		C5B640EC2CADD7D20047A336 /* Release */ = {
			isa = XCBuildConfiguration;
			buildSettings = {
				ALWAYS_SEARCH_USER_PATHS = NO;
				ASSETCATALOG_COMPILER_GENERATE_SWIFT_ASSET_SYMBOL_EXTENSIONS = YES;
				CLANG_ANALYZER_NONNULL = YES;
				CLANG_ANALYZER_NUMBER_OBJECT_CONVERSION = YES_AGGRESSIVE;
				CLANG_CXX_LANGUAGE_STANDARD = "gnu++20";
				CLANG_ENABLE_MODULES = YES;
				CLANG_ENABLE_OBJC_ARC = YES;
				CLANG_ENABLE_OBJC_WEAK = YES;
				CLANG_WARN_BLOCK_CAPTURE_AUTORELEASING = YES;
				CLANG_WARN_BOOL_CONVERSION = YES;
				CLANG_WARN_COMMA = YES;
				CLANG_WARN_CONSTANT_CONVERSION = YES;
				CLANG_WARN_DEPRECATED_OBJC_IMPLEMENTATIONS = YES;
				CLANG_WARN_DIRECT_OBJC_ISA_USAGE = YES_ERROR;
				CLANG_WARN_DOCUMENTATION_COMMENTS = YES;
				CLANG_WARN_EMPTY_BODY = YES;
				CLANG_WARN_ENUM_CONVERSION = YES;
				CLANG_WARN_INFINITE_RECURSION = YES;
				CLANG_WARN_INT_CONVERSION = YES;
				CLANG_WARN_NON_LITERAL_NULL_CONVERSION = YES;
				CLANG_WARN_OBJC_IMPLICIT_RETAIN_SELF = YES;
				CLANG_WARN_OBJC_LITERAL_CONVERSION = YES;
				CLANG_WARN_OBJC_ROOT_CLASS = YES_ERROR;
				CLANG_WARN_QUOTED_INCLUDE_IN_FRAMEWORK_HEADER = YES;
				CLANG_WARN_RANGE_LOOP_ANALYSIS = YES;
				CLANG_WARN_STRICT_PROTOTYPES = YES;
				CLANG_WARN_SUSPICIOUS_MOVE = YES;
				CLANG_WARN_UNGUARDED_AVAILABILITY = YES_AGGRESSIVE;
				CLANG_WARN_UNREACHABLE_CODE = YES;
				CLANG_WARN__DUPLICATE_METHOD_MATCH = YES;
				COPY_PHASE_STRIP = NO;
				DEBUG_INFORMATION_FORMAT = "dwarf-with-dsym";
				ENABLE_NS_ASSERTIONS = NO;
				ENABLE_STRICT_OBJC_MSGSEND = YES;
				ENABLE_USER_SCRIPT_SANDBOXING = YES;
				GCC_C_LANGUAGE_STANDARD = gnu17;
				GCC_NO_COMMON_BLOCKS = YES;
				GCC_WARN_64_TO_32_BIT_CONVERSION = YES;
				GCC_WARN_ABOUT_RETURN_TYPE = YES_ERROR;
				GCC_WARN_UNDECLARED_SELECTOR = YES;
				GCC_WARN_UNINITIALIZED_AUTOS = YES_AGGRESSIVE;
				GCC_WARN_UNUSED_FUNCTION = YES;
				GCC_WARN_UNUSED_VARIABLE = YES;
				IPHONEOS_DEPLOYMENT_TARGET = 18.0;
				LOCALIZATION_PREFERS_STRING_CATALOGS = YES;
				MTL_ENABLE_DEBUG_INFO = NO;
				MTL_FAST_MATH = YES;
				SDKROOT = iphoneos;
				SWIFT_COMPILATION_MODE = wholemodule;
				VALIDATE_PRODUCT = YES;
			};
			name = Release;
		};
		C5B640EE2CADD7D20047A336 /* Debug */ = {
			isa = XCBuildConfiguration;
			buildSettings = {
				ASSETCATALOG_COMPILER_APPICON_NAME = AppIcon;
				ASSETCATALOG_COMPILER_GLOBAL_ACCENT_COLOR_NAME = AccentColor;
				CODE_SIGN_STYLE = Automatic;
				CURRENT_PROJECT_VERSION = 1;
				DEVELOPMENT_ASSET_PATHS = "\"SubscriptionDoker/Preview Content\"";
				DEVELOPMENT_TEAM = N2XAP4CLZT;
				ENABLE_PREVIEWS = YES;
				GENERATE_INFOPLIST_FILE = YES;
				INFOPLIST_FILE = SubscriptionDoker/Info.plist;
				INFOPLIST_KEY_UIApplicationSceneManifest_Generation = YES;
				INFOPLIST_KEY_UIApplicationSupportsIndirectInputEvents = YES;
				INFOPLIST_KEY_UILaunchScreen_Generation = YES;
				INFOPLIST_KEY_UISupportedInterfaceOrientations_iPad = "UIInterfaceOrientationPortrait UIInterfaceOrientationPortraitUpsideDown UIInterfaceOrientationLandscapeLeft UIInterfaceOrientationLandscapeRight";
				INFOPLIST_KEY_UISupportedInterfaceOrientations_iPhone = "UIInterfaceOrientationPortrait UIInterfaceOrientationLandscapeLeft UIInterfaceOrientationLandscapeRight";
				LD_RUNPATH_SEARCH_PATHS = (
					"$(inherited)",
					"@executable_path/Frameworks",
				);
				MARKETING_VERSION = 1.0;
				PRODUCT_BUNDLE_IDENTIFIER = com.tsodev.SubscriptionDoker;
				PRODUCT_NAME = "$(TARGET_NAME)";
				SWIFT_EMIT_LOC_STRINGS = YES;
				SWIFT_VERSION = 5.0;
				TARGETED_DEVICE_FAMILY = "1,2";
			};
			name = Debug;
		};
		C5B640EF2CADD7D20047A336 /* Release */ = {
			isa = XCBuildConfiguration;
			buildSettings = {
				ASSETCATALOG_COMPILER_APPICON_NAME = AppIcon;
				ASSETCATALOG_COMPILER_GLOBAL_ACCENT_COLOR_NAME = AccentColor;
				CODE_SIGN_STYLE = Automatic;
				CURRENT_PROJECT_VERSION = 1;
				DEVELOPMENT_ASSET_PATHS = "\"SubscriptionDoker/Preview Content\"";
				DEVELOPMENT_TEAM = N2XAP4CLZT;
				ENABLE_PREVIEWS = YES;
				GENERATE_INFOPLIST_FILE = YES;
				INFOPLIST_FILE = SubscriptionDoker/Info.plist;
				INFOPLIST_KEY_UIApplicationSceneManifest_Generation = YES;
				INFOPLIST_KEY_UIApplicationSupportsIndirectInputEvents = YES;
				INFOPLIST_KEY_UILaunchScreen_Generation = YES;
				INFOPLIST_KEY_UISupportedInterfaceOrientations_iPad = "UIInterfaceOrientationPortrait UIInterfaceOrientationPortraitUpsideDown UIInterfaceOrientationLandscapeLeft UIInterfaceOrientationLandscapeRight";
				INFOPLIST_KEY_UISupportedInterfaceOrientations_iPhone = "UIInterfaceOrientationPortrait UIInterfaceOrientationLandscapeLeft UIInterfaceOrientationLandscapeRight";
				LD_RUNPATH_SEARCH_PATHS = (
					"$(inherited)",
					"@executable_path/Frameworks",
				);
				MARKETING_VERSION = 1.0;
				PRODUCT_BUNDLE_IDENTIFIER = com.tsodev.SubscriptionDoker;
				PRODUCT_NAME = "$(TARGET_NAME)";
				SWIFT_EMIT_LOC_STRINGS = YES;
				SWIFT_VERSION = 5.0;
				TARGETED_DEVICE_FAMILY = "1,2";
			};
			name = Release;
		};
/* End XCBuildConfiguration section */

/* Begin XCConfigurationList section */
		C5B640DA2CADD7D10047A336 /* Build configuration list for PBXProject "SubscriptionDoker" */ = {
			isa = XCConfigurationList;
			buildConfigurations = (
				C5B640EB2CADD7D20047A336 /* Debug */,
				C5B640EC2CADD7D20047A336 /* Release */,
			);
			defaultConfigurationIsVisible = 0;
			defaultConfigurationName = Release;
		};
		C5B640ED2CADD7D20047A336 /* Build configuration list for PBXNativeTarget "SubscriptionDoker" */ = {
			isa = XCConfigurationList;
			buildConfigurations = (
				C5B640EE2CADD7D20047A336 /* Debug */,
				C5B640EF2CADD7D20047A336 /* Release */,
			);
			defaultConfigurationIsVisible = 0;
			defaultConfigurationName = Release;
		};
/* End XCConfigurationList section */
	};
	rootObject = C5B640D72CADD7D10047A336 /* Project object */;
}
